
Microsoft Visual Studio Solution File, Format Version 12.00
# Visual Studio 2013
VisualStudioVersion = 12.0.31101.0
MinimumVisualStudioVersion = 10.0.40219.1
Project("{FAE04EC0-301F-11D3-BF4B-00C04F79EFBC}") = "ControlStationApplication", "ControlStationApplication\ControlStationApplication.csproj", "{11283241-4B27-4F47-A277-DCE3D4B55679}"
EndProject
Project("{FAE04EC0-301F-11D3-BF4B-00C04F79EFBC}") = "TerminalApplication", "TerminalApplication\TerminalApplication.csproj", "{037F53F2-0CD5-4EEA-BBDA-8914BB61E654}"
EndProject
Project("{2150E333-8FDC-42A3-9474-1A3956D46DE8}") = "Solution Items", "Solution Items", "{05301B87-F9EF-443B-9696-D3ECE4638036}"
EndProject
Project("{FAE04EC0-301F-11D3-BF4B-00C04F79EFBC}") = "Benchmark", "Benchmark\Benchmark.csproj", "{FAFA6FFE-B55B-4A9D-B0E8-2D5816B17CF7}"
EndProject
Project("{2150E333-8FDC-42A3-9474-1A3956D46DE8}") = "SoapUI", "SoapUI", "{78E08915-5CA3-4906-8470-496EE2B5CA0E}"
	ProjectSection(SolutionItems) = preProject
		SoapUI\NetDSWebServicesControlStation-soapui-project.xml = SoapUI\NetDSWebServicesControlStation-soapui-project.xml
		SoapUI\NetDSWebServicesTerminal-soapui-project.xml = SoapUI\NetDSWebServicesTerminal-soapui-project.xml
	EndProjectSection
EndProject
Project("{2150E333-8FDC-42A3-9474-1A3956D46DE8}") = "design", "design", "{F8585C84-E8CE-4F00-800C-BC9D3A2DF8A8}"
	ProjectSection(SolutionItems) = preProject
		design\ControlStationService.png = design\ControlStationService.png
		design\ControlStationServiceClient.png = design\ControlStationServiceClient.png
		design\system.png = design\system.png
		design\TerminalService.png = design\TerminalService.png
		design\TerminalServiceClient.png = design\TerminalServiceClient.png
	EndProjectSection
EndProject
Project("{2150E333-8FDC-42A3-9474-1A3956D46DE8}") = "documentation", "documentation", "{78FEE869-87ED-414A-ADA0-37DEA1F0072B}"
	ProjectSection(SolutionItems) = preProject
		documentation\project_web-services_g4-strut1-touwm1_documentation.docx = documentation\project_web-services_g4-strut1-touwm1_documentation.docx
		documentation\project_web-services_g4-strut1-touwm1_documentation.pdf = documentation\project_web-services_g4-strut1-touwm1_documentation.pdf
		documentation\project_web-services_g4-strut1-touwm1_presentation.pdf = documentation\project_web-services_g4-strut1-touwm1_presentation.pdf
		documentation\project_web-services_g4-strut1-touwm1_presentation.pptx = documentation\project_web-services_g4-strut1-touwm1_presentation.pptx
		documentation\project_web-services_g4-strut1-touwm1_theory-only.pdf = documentation\project_web-services_g4-strut1-touwm1_theory-only.pdf
	EndProjectSection
EndProject
Global
	GlobalSection(SolutionConfigurationPlatforms) = preSolution
		Debug|Any CPU = Debug|Any CPU
		Release|Any CPU = Release|Any CPU
	EndGlobalSection
	GlobalSection(ProjectConfigurationPlatforms) = postSolution
		{11283241-4B27-4F47-A277-DCE3D4B55679}.Debug|Any CPU.ActiveCfg = Debug|Any CPU
		{11283241-4B27-4F47-A277-DCE3D4B55679}.Debug|Any CPU.Build.0 = Debug|Any CPU
		{11283241-4B27-4F47-A277-DCE3D4B55679}.Release|Any CPU.ActiveCfg = Release|Any CPU
		{11283241-4B27-4F47-A277-DCE3D4B55679}.Release|Any CPU.Build.0 = Release|Any CPU
		{037F53F2-0CD5-4EEA-BBDA-8914BB61E654}.Debug|Any CPU.ActiveCfg = Debug|Any CPU
		{037F53F2-0CD5-4EEA-BBDA-8914BB61E654}.Debug|Any CPU.Build.0 = Debug|Any CPU
		{037F53F2-0CD5-4EEA-BBDA-8914BB61E654}.Release|Any CPU.ActiveCfg = Release|Any CPU
		{037F53F2-0CD5-4EEA-BBDA-8914BB61E654}.Release|Any CPU.Build.0 = Release|Any CPU
		{FAFA6FFE-B55B-4A9D-B0E8-2D5816B17CF7}.Debug|Any CPU.ActiveCfg = Debug|Any CPU
		{FAFA6FFE-B55B-4A9D-B0E8-2D5816B17CF7}.Debug|Any CPU.Build.0 = Debug|Any CPU
		{FAFA6FFE-B55B-4A9D-B0E8-2D5816B17CF7}.Release|Any CPU.ActiveCfg = Release|Any CPU
		{FAFA6FFE-B55B-4A9D-B0E8-2D5816B17CF7}.Release|Any CPU.Build.0 = Release|Any CPU
	EndGlobalSection
	GlobalSection(SolutionProperties) = preSolution
		HideSolutionNode = FALSE
	EndGlobalSection
	GlobalSection(NestedProjects) = preSolution
		{78E08915-5CA3-4906-8470-496EE2B5CA0E} = {05301B87-F9EF-443B-9696-D3ECE4638036}
		{F8585C84-E8CE-4F00-800C-BC9D3A2DF8A8} = {05301B87-F9EF-443B-9696-D3ECE4638036}
		{78FEE869-87ED-414A-ADA0-37DEA1F0072B} = {05301B87-F9EF-443B-9696-D3ECE4638036}
	EndGlobalSection
EndGlobal
